
Microsoft Visual Studio Solution File, Format Version 12.00
# Visual Studio 15
VisualStudioVersion = 15.0.28307.136
MinimumVisualStudioVersion = 10.0.40219.1
Project("{FAE04EC0-301F-11D3-BF4B-00C04F79EFBC}") = "Hangman game", "Hangman game\Hangman game.csproj", "{FBF3A64D-D366-48E8-BB70-D72D20F23351}"
EndProject
Global
	GlobalSection(SolutionConfigurationPlatforms) = preSolution
		Debug|Any CPU = Debug|Any CPU
		Release|Any CPU = Release|Any CPU
	EndGlobalSection
	GlobalSection(ProjectConfigurationPlatforms) = postSolution
		{FBF3A64D-D366-48E8-BB70-D72D20F23351}.Debug|Any CPU.ActiveCfg = Debug|Any CPU
		{FBF3A64D-D366-48E8-BB70-D72D20F23351}.Debug|Any CPU.Build.0 = Debug|Any CPU
		{FBF3A64D-D366-48E8-BB70-D72D20F23351}.Release|Any CPU.ActiveCfg = Release|Any CPU
		{FBF3A64D-D366-48E8-BB70-D72D20F23351}.Release|Any CPU.Build.0 = Release|Any CPU
	EndGlobalSection
	GlobalSection(SolutionProperties) = preSolution
		HideSolutionNode = FALSE
	EndGlobalSection
	GlobalSection(ExtensibilityGlobals) = postSolution
		SolutionGuid = {F9885646-39E5-4AF6-8167-1EFCFA2A4278}
	EndGlobalSection
EndGlobal
